
Microsoft Visual Studio Solution File, Format Version 12.00
# Visual Studio Version 16
VisualStudioVersion = 16.0.29709.97
MinimumVisualStudioVersion = 10.0.40219.1
Project("{9A19103F-16F7-4668-BE54-9A1E7A4F7556}") = "WebScraper.API", "WebScraper.API\WebScraper.API.csproj", "{AC4C9048-621A-4223-9E47-517905AC560B}"
EndProject
Project("{FAE04EC0-301F-11D3-BF4B-00C04F79EFBC}") = "WebScraper", "WebScraper\WebScraper.csproj", "{EDF037DD-6406-45E0-A281-B62E4A399196}"
EndProject
Global
	GlobalSection(SolutionConfigurationPlatforms) = preSolution
		Debug|Any CPU = Debug|Any CPU
		Release|Any CPU = Release|Any CPU
	EndGlobalSection
	GlobalSection(ProjectConfigurationPlatforms) = postSolution
		{AC4C9048-621A-4223-9E47-517905AC560B}.Debug|Any CPU.ActiveCfg = Debug|Any CPU
		{AC4C9048-621A-4223-9E47-517905AC560B}.Debug|Any CPU.Build.0 = Debug|Any CPU
		{AC4C9048-621A-4223-9E47-517905AC560B}.Release|Any CPU.ActiveCfg = Release|Any CPU
		{AC4C9048-621A-4223-9E47-517905AC560B}.Release|Any CPU.Build.0 = Release|Any CPU
		{EDF037DD-6406-45E0-A281-B62E4A399196}.Debug|Any CPU.ActiveCfg = Debug|Any CPU
		{EDF037DD-6406-45E0-A281-B62E4A399196}.Debug|Any CPU.Build.0 = Debug|Any CPU
		{EDF037DD-6406-45E0-A281-B62E4A399196}.Release|Any CPU.ActiveCfg = Release|Any CPU
		{EDF037DD-6406-45E0-A281-B62E4A399196}.Release|Any CPU.Build.0 = Release|Any CPU
	EndGlobalSection
	GlobalSection(SolutionProperties) = preSolution
		HideSolutionNode = FALSE
	EndGlobalSection
	GlobalSection(ExtensibilityGlobals) = postSolution
		SolutionGuid = {48A92023-4DA6-4E49-AB9A-655D5046A57C}
	EndGlobalSection
EndGlobal
